PODS:
  - Blueprints (0.8.0)
  - Differific (0.5.2)
  - Family (0.6.3)
  - UserInterface (0.5.0)
  - Vaccine (0.12.2)

DEPENDENCIES:
  - Blueprints
  - Differific
  - Family
  - UserInterface
  - Vaccine

SPEC REPOS:
  https://github.com/cocoapods/specs.git:
    - Blueprints
    - Differific
    - Family
    - UserInterface
    - Vaccine

SPEC CHECKSUMS:
  Blueprints: bd8e23ee3b1ee9faa751ddb6e9cd82fef862ce9a
  Differific: b26ecab6daa1a2a93efeee41cec5e9593ced09bc
  Family: 178c9dc245670d7f4da314f294145b73df2a18fd
  UserInterface: 54e15db9aceaec2b9686d00f471adb15d2598ea3
  Vaccine: a8ccb41c6b9aa93242560ceaa066040fa9e18b27

PODFILE CHECKSUM: cc5e0a81b9c0eb7a8912c97a9ac152643c4403a3

COCOAPODS: 1.6.0.beta.1
