PODS:
  - Blueprints (0.8.0)
  - Differific (0.5.2)
  - Family (0.6.8)
  - UserInterface (0.5.0)

DEPENDENCIES:
  - Blueprints
  - Differific
  - Family
  - UserInterface

SPEC REPOS:
  https://github.com/cocoapods/specs.git:
    - Blueprints
    - Differific
    - Family
    - UserInterface

SPEC CHECKSUMS:
  Blueprints: bd8e23ee3b1ee9faa751ddb6e9cd82fef862ce9a
  Differific: b26ecab6daa1a2a93efeee41cec5e9593ced09bc
  Family: 8a5b1abbbb7ff8d1dab471f082a6fd81a2c1c5e5
  UserInterface: 54e15db9aceaec2b9686d00f471adb15d2598ea3

PODFILE CHECKSUM: 9b6f93d828aae511798d5dc18b356dca6da71a1a

COCOAPODS: 1.6.0.beta.2
